{
  "version": 4,
  "terraform_version": "1.2.9",
  "serial": 11,
  "lineage": "e61640cc-e701-c683-20a6-a101e492a55c",
  "outputs": {},
  "resources": [
    {
      "mode": "data",
      "type": "aws_db_snapshot",
      "name": "latest_snapshot",
      "provider": "provider[\"registry.terraform.io/hashicorp/aws\"]",
      "instances": []
    },
    {
      "mode": "data",
      "type": "aws_rds_engine_version",
      "name": "pg_version",
      "provider": "provider[\"registry.terraform.io/hashicorp/aws\"]",
      "instances": [
        {
          "schema_version": 0,
          "attributes": {
            "default_character_set": null,
            "default_only": null,
            "engine": "postgres",
            "engine_description": "PostgreSQL",
            "exportable_log_types": [
              "postgresql",
              "upgrade"
            ],
            "filter": null,
            "has_major_target": null,
            "has_minor_target": null,
            "id": "16.3",
            "include_all": null,
            "latest": null,
            "parameter_group_family": "postgres16",
            "preferred_major_targets": null,
            "preferred_upgrade_targets": null,
            "preferred_versions": null,
            "status": "available",
            "supported_character_sets": [],
            "supported_feature_names": [
              "Lambda",
              "s3Export",
              "s3Import"
            ],
            "supported_modes": [],
            "supported_timezones": [],
            "supports_global_databases": false,
            "supports_limitless_database": false,
            "supports_log_exports_to_cloudwatch": true,
            "supports_parallel_query": false,
            "supports_read_replica": true,
            "valid_major_targets": [],
            "valid_minor_targets": [
              "16.4"
            ],
            "valid_upgrade_targets": [
              "16.4"
            ],
            "version": "16.3",
            "version_actual": "16.3",
            "version_description": "PostgreSQL 16.3-R2"
          },
          "sensitive_attributes": []
        }
      ]
    },
    {
      "mode": "data",
      "type": "external",
      "name": "rds_final_snapshot_exists",
      "provider": "provider[\"registry.terraform.io/hashicorp/external\"]",
      "instances": [
        {
          "schema_version": 0,
          "attributes": {
            "id": "-",
            "program": [
              "./check-rds-snapshot.sh",
              "db-instance-default"
            ],
            "query": null,
            "result": {
              "db_exists": "false"
            },
            "working_dir": null
          },
          "sensitive_attributes": []
        }
      ]
    },
    {
      "mode": "managed",
      "type": "aws_db_instance",
      "name": "dbname",
      "provider": "provider[\"registry.terraform.io/hashicorp/aws\"]",
      "instances": []
    },
    {
      "mode": "managed",
      "type": "aws_security_group",
      "name": "allow_postgres",
      "provider": "provider[\"registry.terraform.io/hashicorp/aws\"]",
      "instances": [
        {
          "schema_version": 1,
          "attributes": {
            "arn": "arn:aws:ec2:us-east-1:948881762705:security-group/sg-08a0326e3e555a3fb",
            "description": "Managed by Terraform",
            "egress": [
              {
                "cidr_blocks": [
                  "0.0.0.0/0"
                ],
                "description": "",
                "from_port": 0,
                "ipv6_cidr_blocks": [],
                "prefix_list_ids": [],
                "protocol": "-1",
                "security_groups": [],
                "self": false,
                "to_port": 0
              }
            ],
            "id": "sg-08a0326e3e555a3fb",
            "ingress": [
              {
                "cidr_blocks": [
                  "0.0.0.0/0"
                ],
                "description": "",
                "from_port": 5432,
                "ipv6_cidr_blocks": [],
                "prefix_list_ids": [],
                "protocol": "tcp",
                "security_groups": [],
                "self": false,
                "to_port": 5432
              }
            ],
            "name": "terraform-20240814193405295200000001",
            "name_prefix": "terraform-",
            "owner_id": "948881762705",
            "revoke_rules_on_delete": false,
            "tags": null,
            "tags_all": {},
            "timeouts": null,
            "vpc_id": "vpc-0585299ce6b523bff"
          },
          "sensitive_attributes": [],
          "private": "eyJlMmJmYjczMC1lY2FhLTExZTYtOGY4OC0zNDM2M2JjN2M0YzAiOnsiY3JlYXRlIjo2MDAwMDAwMDAwMDAsImRlbGV0ZSI6OTAwMDAwMDAwMDAwfSwic2NoZW1hX3ZlcnNpb24iOiIxIn0="
        }
      ]
    },
    {
      "mode": "managed",
      "type": "random_password",
      "name": "admin",
      "provider": "provider[\"registry.terraform.io/hashicorp/random\"]",
      "instances": [
        {
          "schema_version": 3,
          "attributes": {
            "bcrypt_hash": "$2a$10$U3WFTRsxaO8eJ7fIaJb6TOndKG3psgvR6TWFiUmLVSbdccWFuAQKK",
            "id": "none",
            "keepers": null,
            "length": 16,
            "lower": true,
            "min_lower": 0,
            "min_numeric": 0,
            "min_special": 0,
            "min_upper": 0,
            "number": true,
            "numeric": true,
            "override_special": "!#$%\u0026*()",
            "result": "!Ixw5$Z9%Ko!\u0026GA)",
            "special": true,
            "upper": true
          },
          "sensitive_attributes": []
        }
      ]
    }
  ]
}
